// !$*UTF8*$!
{
	archiveVersion = 1;
	classes = {
	};
	objectVersion = 56;
	objects = {

/* Begin PBXBuildFile section */
		430750E729B3A6670056307E /* ForecastWeatherInfoView.swift in Sources */ = {isa = PBXBuildFile; fileRef = 430750E629B3A6670056307E /* ForecastWeatherInfoView.swift */; };
		430750E929B3A6870056307E /* WeatherComponentView.swift in Sources */ = {isa = PBXBuildFile; fileRef = 430750E829B3A6870056307E /* WeatherComponentView.swift */; };
		430B59D029608B480079A2B2 /* weather_appApp.swift in Sources */ = {isa = PBXBuildFile; fileRef = 430B59CF29608B480079A2B2 /* weather_appApp.swift */; };
		430B59D229608B480079A2B2 /* AppHome.swift in Sources */ = {isa = PBXBuildFile; fileRef = 430B59D129608B480079A2B2 /* AppHome.swift */; };
		430B59D429608B490079A2B2 /* Assets.xcassets in Resources */ = {isa = PBXBuildFile; fileRef = 430B59D329608B490079A2B2 /* Assets.xcassets */; };
		430B59D729608B490079A2B2 /* Preview Assets.xcassets in Resources */ = {isa = PBXBuildFile; fileRef = 430B59D629608B490079A2B2 /* Preview Assets.xcassets */; };
		430B59DF29608BDF0079A2B2 /* EndpointProtocol.swift in Sources */ = {isa = PBXBuildFile; fileRef = 430B59DE29608BDF0079A2B2 /* EndpointProtocol.swift */; };
		430B59E129608C2A0079A2B2 /* WeatherEndpoint.swift in Sources */ = {isa = PBXBuildFile; fileRef = 430B59E029608C2A0079A2B2 /* WeatherEndpoint.swift */; };
		430B59E329608CF00079A2B2 /* WeatherAPI.swift in Sources */ = {isa = PBXBuildFile; fileRef = 430B59E229608CF00079A2B2 /* WeatherAPI.swift */; };
		4344883D29646C1800207D6A /* BackgroundView.swift in Sources */ = {isa = PBXBuildFile; fileRef = 4344883C29646C1800207D6A /* BackgroundView.swift */; };
		4344884129646F8400207D6A /* HomeInfoWidget.swift in Sources */ = {isa = PBXBuildFile; fileRef = 4344884029646F8400207D6A /* HomeInfoWidget.swift */; };
		43448843296477B100207D6A /* WeatherInfo.swift in Sources */ = {isa = PBXBuildFile; fileRef = 43448842296477B100207D6A /* WeatherInfo.swift */; };
		439B3F552970703F002CB22A /* AppViewModel.swift in Sources */ = {isa = PBXBuildFile; fileRef = 439B3F542970703F002CB22A /* AppViewModel.swift */; };
		439F3ACD29B8638600ECA38E /* DetailWeatherInfoView.swift in Sources */ = {isa = PBXBuildFile; fileRef = 439F3ACC29B8638600ECA38E /* DetailWeatherInfoView.swift */; };
		439F3AD029B863EE00ECA38E /* Color+Extension.swift in Sources */ = {isa = PBXBuildFile; fileRef = 439F3ACF29B863EE00ECA38E /* Color+Extension.swift */; };
		439F3AD229B8662900ECA38E /* Gradient+Extension.swift in Sources */ = {isa = PBXBuildFile; fileRef = 439F3AD129B8662900ECA38E /* Gradient+Extension.swift */; };
		439F3AD529B8886F00ECA38E /* AirQualityView.swift in Sources */ = {isa = PBXBuildFile; fileRef = 439F3AD429B8886F00ECA38E /* AirQualityView.swift */; };
/* End PBXBuildFile section */

/* Begin PBXFileReference section */
		430750E629B3A6670056307E /* ForecastWeatherInfoView.swift */ = {isa = PBXFileReference; lastKnownFileType = sourcecode.swift; path = ForecastWeatherInfoView.swift; sourceTree = "<group>"; };
		430750E829B3A6870056307E /* WeatherComponentView.swift */ = {isa = PBXFileReference; lastKnownFileType = sourcecode.swift; path = WeatherComponentView.swift; sourceTree = "<group>"; };
		430B59CC29608B480079A2B2 /* weather-app.app */ = {isa = PBXFileReference; explicitFileType = wrapper.application; includeInIndex = 0; path = "weather-app.app"; sourceTree = BUILT_PRODUCTS_DIR; };
		430B59CF29608B480079A2B2 /* weather_appApp.swift */ = {isa = PBXFileReference; lastKnownFileType = sourcecode.swift; path = weather_appApp.swift; sourceTree = "<group>"; };
		430B59D129608B480079A2B2 /* AppHome.swift */ = {isa = PBXFileReference; lastKnownFileType = sourcecode.swift; path = AppHome.swift; sourceTree = "<group>"; };
		430B59D329608B490079A2B2 /* Assets.xcassets */ = {isa = PBXFileReference; lastKnownFileType = folder.assetcatalog; path = Assets.xcassets; sourceTree = "<group>"; };
		430B59D629608B490079A2B2 /* Preview Assets.xcassets */ = {isa = PBXFileReference; lastKnownFileType = folder.assetcatalog; path = "Preview Assets.xcassets"; sourceTree = "<group>"; };
		430B59DE29608BDF0079A2B2 /* EndpointProtocol.swift */ = {isa = PBXFileReference; lastKnownFileType = sourcecode.swift; path = EndpointProtocol.swift; sourceTree = "<group>"; };
		430B59E029608C2A0079A2B2 /* WeatherEndpoint.swift */ = {isa = PBXFileReference; lastKnownFileType = sourcecode.swift; path = WeatherEndpoint.swift; sourceTree = "<group>"; };
		430B59E229608CF00079A2B2 /* WeatherAPI.swift */ = {isa = PBXFileReference; lastKnownFileType = sourcecode.swift; path = WeatherAPI.swift; sourceTree = "<group>"; };
		4344883C29646C1800207D6A /* BackgroundView.swift */ = {isa = PBXFileReference; lastKnownFileType = sourcecode.swift; path = BackgroundView.swift; sourceTree = "<group>"; };
		4344884029646F8400207D6A /* HomeInfoWidget.swift */ = {isa = PBXFileReference; lastKnownFileType = sourcecode.swift; path = HomeInfoWidget.swift; sourceTree = "<group>"; };
		43448842296477B100207D6A /* WeatherInfo.swift */ = {isa = PBXFileReference; lastKnownFileType = sourcecode.swift; path = WeatherInfo.swift; sourceTree = "<group>"; };
		439B3F542970703F002CB22A /* AppViewModel.swift */ = {isa = PBXFileReference; lastKnownFileType = sourcecode.swift; path = AppViewModel.swift; sourceTree = "<group>"; };
		439F3ACC29B8638600ECA38E /* DetailWeatherInfoView.swift */ = {isa = PBXFileReference; lastKnownFileType = sourcecode.swift; path = DetailWeatherInfoView.swift; sourceTree = "<group>"; };
		439F3ACF29B863EE00ECA38E /* Color+Extension.swift */ = {isa = PBXFileReference; lastKnownFileType = sourcecode.swift; path = "Color+Extension.swift"; sourceTree = "<group>"; };
		439F3AD129B8662900ECA38E /* Gradient+Extension.swift */ = {isa = PBXFileReference; lastKnownFileType = sourcecode.swift; path = "Gradient+Extension.swift"; sourceTree = "<group>"; };
		439F3AD429B8886F00ECA38E /* AirQualityView.swift */ = {isa = PBXFileReference; lastKnownFileType = sourcecode.swift; path = AirQualityView.swift; sourceTree = "<group>"; };
/* End PBXFileReference section */

/* Begin PBXFrameworksBuildPhase section */
		430B59C929608B480079A2B2 /* Frameworks */ = {
			isa = PBXFrameworksBuildPhase;
			buildActionMask = 2147483647;
			files = (
			);
			runOnlyForDeploymentPostprocessing = 0;
		};
/* End PBXFrameworksBuildPhase section */

/* Begin PBXGroup section */
		430B59C329608B480079A2B2 = {
			isa = PBXGroup;
			children = (
				430B59CE29608B480079A2B2 /* weather-app */,
				430B59CD29608B480079A2B2 /* Products */,
			);
			sourceTree = "<group>";
		};
		430B59CD29608B480079A2B2 /* Products */ = {
			isa = PBXGroup;
			children = (
				430B59CC29608B480079A2B2 /* weather-app.app */,
			);
			name = Products;
			sourceTree = "<group>";
		};
		430B59CE29608B480079A2B2 /* weather-app */ = {
			isa = PBXGroup;
			children = (
				439F3ACE29B863D400ECA38E /* Helpers */,
				4344883A296466B800207D6A /* Contants */,
				430B59DD29608BC00079A2B2 /* Networking */,
				430B59CF29608B480079A2B2 /* weather_appApp.swift */,
				4344883B2964676400207D6A /* Views */,
				430B59D329608B490079A2B2 /* Assets.xcassets */,
				430B59D529608B490079A2B2 /* Preview Content */,
				4336C23029673C4600B98182 /* Models */,
			);
			path = "weather-app";
			sourceTree = "<group>";
		};
		430B59D529608B490079A2B2 /* Preview Content */ = {
			isa = PBXGroup;
			children = (
				430B59D629608B490079A2B2 /* Preview Assets.xcassets */,
			);
			path = "Preview Content";
			sourceTree = "<group>";
		};
		430B59DD29608BC00079A2B2 /* Networking */ = {
			isa = PBXGroup;
			children = (
				430B59DE29608BDF0079A2B2 /* EndpointProtocol.swift */,
				430B59E029608C2A0079A2B2 /* WeatherEndpoint.swift */,
				430B59E229608CF00079A2B2 /* WeatherAPI.swift */,
			);
			path = Networking;
			sourceTree = "<group>";
		};
		4336C23029673C4600B98182 /* Models */ = {
			isa = PBXGroup;
			children = (
				43448842296477B100207D6A /* WeatherInfo.swift */,
			);
			path = Models;
			sourceTree = "<group>";
		};
		4344883A296466B800207D6A /* Contants */ = {
			isa = PBXGroup;
			children = (
			);
			path = Contants;
			sourceTree = "<group>";
		};
		4344883B2964676400207D6A /* Views */ = {
			isa = PBXGroup;
			children = (
				439F3AD329B8884900ECA38E /* WeatherDetailViews */,
				439B3F5329707021002CB22A /* Components */,
				439B3F5229707008002CB22A /* ViewModels */,
				430B59D129608B480079A2B2 /* AppHome.swift */,
			);
			path = Views;
			sourceTree = "<group>";
		};
		439B3F5229707008002CB22A /* ViewModels */ = {
			isa = PBXGroup;
			children = (
				439B3F542970703F002CB22A /* AppViewModel.swift */,
			);
			path = ViewModels;
			sourceTree = "<group>";
		};
		439B3F5329707021002CB22A /* Components */ = {
			isa = PBXGroup;
			children = (
				4344883C29646C1800207D6A /* BackgroundView.swift */,
				4344884029646F8400207D6A /* HomeInfoWidget.swift */,
				430750E629B3A6670056307E /* ForecastWeatherInfoView.swift */,
				430750E829B3A6870056307E /* WeatherComponentView.swift */,
				439F3ACC29B8638600ECA38E /* DetailWeatherInfoView.swift */,
			);
			path = Components;
			sourceTree = "<group>";
		};
		439F3ACE29B863D400ECA38E /* Helpers */ = {
			isa = PBXGroup;
			children = (
				439F3ACF29B863EE00ECA38E /* Color+Extension.swift */,
				439F3AD129B8662900ECA38E /* Gradient+Extension.swift */,
			);
			path = Helpers;
			sourceTree = "<group>";
		};
		439F3AD329B8884900ECA38E /* WeatherDetailViews */ = {
			isa = PBXGroup;
			children = (
				439F3AD429B8886F00ECA38E /* AirQualityView.swift */,
			);
			path = WeatherDetailViews;
			sourceTree = "<group>";
		};
/* End PBXGroup section */

/* Begin PBXNativeTarget section */
		430B59CB29608B480079A2B2 /* weather-app */ = {
			isa = PBXNativeTarget;
			buildConfigurationList = 430B59DA29608B490079A2B2 /* Build configuration list for PBXNativeTarget "weather-app" */;
			buildPhases = (
				430B59C829608B480079A2B2 /* Sources */,
				430B59C929608B480079A2B2 /* Frameworks */,
				430B59CA29608B480079A2B2 /* Resources */,
			);
			buildRules = (
			);
			dependencies = (
			);
			name = "weather-app";
			productName = "weather-app";
			productReference = 430B59CC29608B480079A2B2 /* weather-app.app */;
			productType = "com.apple.product-type.application";
		};
/* End PBXNativeTarget section */

/* Begin PBXProject section */
		430B59C429608B480079A2B2 /* Project object */ = {
			isa = PBXProject;
			attributes = {
				BuildIndependentTargetsInParallel = 1;
				LastSwiftUpdateCheck = 1420;
				LastUpgradeCheck = 1420;
				TargetAttributes = {
					430B59CB29608B480079A2B2 = {
						CreatedOnToolsVersion = 14.2;
					};
				};
			};
			buildConfigurationList = 430B59C729608B480079A2B2 /* Build configuration list for PBXProject "weather-app" */;
			compatibilityVersion = "Xcode 14.0";
			developmentRegion = en;
			hasScannedForEncodings = 0;
			knownRegions = (
				en,
				Base,
			);
			mainGroup = 430B59C329608B480079A2B2;
			productRefGroup = 430B59CD29608B480079A2B2 /* Products */;
			projectDirPath = "";
			projectRoot = "";
			targets = (
				430B59CB29608B480079A2B2 /* weather-app */,
			);
		};
/* End PBXProject section */

/* Begin PBXResourcesBuildPhase section */
		430B59CA29608B480079A2B2 /* Resources */ = {
			isa = PBXResourcesBuildPhase;
			buildActionMask = 2147483647;
			files = (
				430B59D729608B490079A2B2 /* Preview Assets.xcassets in Resources */,
				430B59D429608B490079A2B2 /* Assets.xcassets in Resources */,
			);
			runOnlyForDeploymentPostprocessing = 0;
		};
/* End PBXResourcesBuildPhase section */

/* Begin PBXSourcesBuildPhase section */
		430B59C829608B480079A2B2 /* Sources */ = {
			isa = PBXSourcesBuildPhase;
			buildActionMask = 2147483647;
			files = (
				439F3ACD29B8638600ECA38E /* DetailWeatherInfoView.swift in Sources */,
				439F3AD229B8662900ECA38E /* Gradient+Extension.swift in Sources */,
				430750E729B3A6670056307E /* ForecastWeatherInfoView.swift in Sources */,
				439F3AD529B8886F00ECA38E /* AirQualityView.swift in Sources */,
				43448843296477B100207D6A /* WeatherInfo.swift in Sources */,
				4344883D29646C1800207D6A /* BackgroundView.swift in Sources */,
				439B3F552970703F002CB22A /* AppViewModel.swift in Sources */,
				430B59DF29608BDF0079A2B2 /* EndpointProtocol.swift in Sources */,
				430B59E129608C2A0079A2B2 /* WeatherEndpoint.swift in Sources */,
				430B59E329608CF00079A2B2 /* WeatherAPI.swift in Sources */,
				4344884129646F8400207D6A /* HomeInfoWidget.swift in Sources */,
				430750E929B3A6870056307E /* WeatherComponentView.swift in Sources */,
				430B59D229608B480079A2B2 /* AppHome.swift in Sources */,
				430B59D029608B480079A2B2 /* weather_appApp.swift in Sources */,
				439F3AD029B863EE00ECA38E /* Color+Extension.swift in Sources */,
			);
			runOnlyForDeploymentPostprocessing = 0;
		};
/* End PBXSourcesBuildPhase section */

/* Begin XCBuildConfiguration section */
		430B59D829608B490079A2B2 /* Debug */ = {
			isa = XCBuildConfiguration;
			buildSettings = {
				ALWAYS_SEARCH_USER_PATHS = NO;
				CLANG_ANALYZER_NONNULL = YES;
				CLANG_ANALYZER_NUMBER_OBJECT_CONVERSION = YES_AGGRESSIVE;
				CLANG_CXX_LANGUAGE_STANDARD = "gnu++20";
				CLANG_ENABLE_MODULES = YES;
				CLANG_ENABLE_OBJC_ARC = YES;
				CLANG_ENABLE_OBJC_WEAK = YES;
				CLANG_WARN_BLOCK_CAPTURE_AUTORELEASING = YES;
				CLANG_WARN_BOOL_CONVERSION = YES;
				CLANG_WARN_COMMA = YES;
				CLANG_WARN_CONSTANT_CONVERSION = YES;
				CLANG_WARN_DEPRECATED_OBJC_IMPLEMENTATIONS = YES;
				CLANG_WARN_DIRECT_OBJC_ISA_USAGE = YES_ERROR;
				CLANG_WARN_DOCUMENTATION_COMMENTS = YES;
				CLANG_WARN_EMPTY_BODY = YES;
				CLANG_WARN_ENUM_CONVERSION = YES;
				CLANG_WARN_INFINITE_RECURSION = YES;
				CLANG_WARN_INT_CONVERSION = YES;
				CLANG_WARN_NON_LITERAL_NULL_CONVERSION = YES;
				CLANG_WARN_OBJC_IMPLICIT_RETAIN_SELF = YES;
				CLANG_WARN_OBJC_LITERAL_CONVERSION = YES;
				CLANG_WARN_OBJC_ROOT_CLASS = YES_ERROR;
				CLANG_WARN_QUOTED_INCLUDE_IN_FRAMEWORK_HEADER = YES;
				CLANG_WARN_RANGE_LOOP_ANALYSIS = YES;
				CLANG_WARN_STRICT_PROTOTYPES = YES;
				CLANG_WARN_SUSPICIOUS_MOVE = YES;
				CLANG_WARN_UNGUARDED_AVAILABILITY = YES_AGGRESSIVE;
				CLANG_WARN_UNREACHABLE_CODE = YES;
				CLANG_WARN__DUPLICATE_METHOD_MATCH = YES;
				COPY_PHASE_STRIP = NO;
				DEBUG_INFORMATION_FORMAT = dwarf;
				ENABLE_STRICT_OBJC_MSGSEND = YES;
				ENABLE_TESTABILITY = YES;
				GCC_C_LANGUAGE_STANDARD = gnu11;
				GCC_DYNAMIC_NO_PIC = NO;
				GCC_NO_COMMON_BLOCKS = YES;
				GCC_OPTIMIZATION_LEVEL = 0;
				GCC_PREPROCESSOR_DEFINITIONS = (
					"DEBUG=1",
					"$(inherited)",
				);
				GCC_WARN_64_TO_32_BIT_CONVERSION = YES;
				GCC_WARN_ABOUT_RETURN_TYPE = YES_ERROR;
				GCC_WARN_UNDECLARED_SELECTOR = YES;
				GCC_WARN_UNINITIALIZED_AUTOS = YES_AGGRESSIVE;
				GCC_WARN_UNUSED_FUNCTION = YES;
				GCC_WARN_UNUSED_VARIABLE = YES;
				IPHONEOS_DEPLOYMENT_TARGET = 16.2;
				MTL_ENABLE_DEBUG_INFO = INCLUDE_SOURCE;
				MTL_FAST_MATH = YES;
				ONLY_ACTIVE_ARCH = YES;
				SDKROOT = iphoneos;
				SWIFT_ACTIVE_COMPILATION_CONDITIONS = DEBUG;
				SWIFT_OPTIMIZATION_LEVEL = "-Onone";
			};
			name = Debug;
		};
		430B59D929608B490079A2B2 /* Release */ = {
			isa = XCBuildConfiguration;
			buildSettings = {
				ALWAYS_SEARCH_USER_PATHS = NO;
				CLANG_ANALYZER_NONNULL = YES;
				CLANG_ANALYZER_NUMBER_OBJECT_CONVERSION = YES_AGGRESSIVE;
				CLANG_CXX_LANGUAGE_STANDARD = "gnu++20";
				CLANG_ENABLE_MODULES = YES;
				CLANG_ENABLE_OBJC_ARC = YES;
				CLANG_ENABLE_OBJC_WEAK = YES;
				CLANG_WARN_BLOCK_CAPTURE_AUTORELEASING = YES;
				CLANG_WARN_BOOL_CONVERSION = YES;
				CLANG_WARN_COMMA = YES;
				CLANG_WARN_CONSTANT_CONVERSION = YES;
				CLANG_WARN_DEPRECATED_OBJC_IMPLEMENTATIONS = YES;
				CLANG_WARN_DIRECT_OBJC_ISA_USAGE = YES_ERROR;
				CLANG_WARN_DOCUMENTATION_COMMENTS = YES;
				CLANG_WARN_EMPTY_BODY = YES;
				CLANG_WARN_ENUM_CONVERSION = YES;
				CLANG_WARN_INFINITE_RECURSION = YES;
				CLANG_WARN_INT_CONVERSION = YES;
				CLANG_WARN_NON_LITERAL_NULL_CONVERSION = YES;
				CLANG_WARN_OBJC_IMPLICIT_RETAIN_SELF = YES;
				CLANG_WARN_OBJC_LITERAL_CONVERSION = YES;
				CLANG_WARN_OBJC_ROOT_CLASS = YES_ERROR;
				CLANG_WARN_QUOTED_INCLUDE_IN_FRAMEWORK_HEADER = YES;
				CLANG_WARN_RANGE_LOOP_ANALYSIS = YES;
				CLANG_WARN_STRICT_PROTOTYPES = YES;
				CLANG_WARN_SUSPICIOUS_MOVE = YES;
				CLANG_WARN_UNGUARDED_AVAILABILITY = YES_AGGRESSIVE;
				CLANG_WARN_UNREACHABLE_CODE = YES;
				CLANG_WARN__DUPLICATE_METHOD_MATCH = YES;
				COPY_PHASE_STRIP = NO;
				DEBUG_INFORMATION_FORMAT = "dwarf-with-dsym";
				ENABLE_NS_ASSERTIONS = NO;
				ENABLE_STRICT_OBJC_MSGSEND = YES;
				GCC_C_LANGUAGE_STANDARD = gnu11;
				GCC_NO_COMMON_BLOCKS = YES;
				GCC_WARN_64_TO_32_BIT_CONVERSION = YES;
				GCC_WARN_ABOUT_RETURN_TYPE = YES_ERROR;
				GCC_WARN_UNDECLARED_SELECTOR = YES;
				GCC_WARN_UNINITIALIZED_AUTOS = YES_AGGRESSIVE;
				GCC_WARN_UNUSED_FUNCTION = YES;
				GCC_WARN_UNUSED_VARIABLE = YES;
				IPHONEOS_DEPLOYMENT_TARGET = 16.2;
				MTL_ENABLE_DEBUG_INFO = NO;
				MTL_FAST_MATH = YES;
				SDKROOT = iphoneos;
				SWIFT_COMPILATION_MODE = wholemodule;
				SWIFT_OPTIMIZATION_LEVEL = "-O";
				VALIDATE_PRODUCT = YES;
			};
			name = Release;
		};
		430B59DB29608B490079A2B2 /* Debug */ = {
			isa = XCBuildConfiguration;
			buildSettings = {
				ASSETCATALOG_COMPILER_APPICON_NAME = AppIcon;
				ASSETCATALOG_COMPILER_GLOBAL_ACCENT_COLOR_NAME = AccentColor;
				CODE_SIGN_STYLE = Automatic;
				CURRENT_PROJECT_VERSION = 1;
				DEVELOPMENT_ASSET_PATHS = "\"weather-app/Preview Content\"";
				ENABLE_PREVIEWS = YES;
				GENERATE_INFOPLIST_FILE = YES;
				INFOPLIST_KEY_UIApplicationSceneManifest_Generation = YES;
				INFOPLIST_KEY_UIApplicationSupportsIndirectInputEvents = YES;
				INFOPLIST_KEY_UILaunchScreen_Generation = YES;
				INFOPLIST_KEY_UISupportedInterfaceOrientations_iPad = "UIInterfaceOrientationPortrait UIInterfaceOrientationPortraitUpsideDown UIInterfaceOrientationLandscapeLeft UIInterfaceOrientationLandscapeRight";
				INFOPLIST_KEY_UISupportedInterfaceOrientations_iPhone = "UIInterfaceOrientationPortrait UIInterfaceOrientationLandscapeLeft UIInterfaceOrientationLandscapeRight";
				LD_RUNPATH_SEARCH_PATHS = (
					"$(inherited)",
					"@executable_path/Frameworks",
				);
				MARKETING_VERSION = 1.0;
				PRODUCT_BUNDLE_IDENTIFIER = "in.devsandesh.weather-app";
				PRODUCT_NAME = "$(TARGET_NAME)";
				SWIFT_EMIT_LOC_STRINGS = YES;
				SWIFT_VERSION = 5.0;
				TARGETED_DEVICE_FAMILY = "1,2";
			};
			name = Debug;
		};
		430B59DC29608B490079A2B2 /* Release */ = {
			isa = XCBuildConfiguration;
			buildSettings = {
				ASSETCATALOG_COMPILER_APPICON_NAME = AppIcon;
				ASSETCATALOG_COMPILER_GLOBAL_ACCENT_COLOR_NAME = AccentColor;
				CODE_SIGN_STYLE = Automatic;
				CURRENT_PROJECT_VERSION = 1;
				DEVELOPMENT_ASSET_PATHS = "\"weather-app/Preview Content\"";
				ENABLE_PREVIEWS = YES;
				GENERATE_INFOPLIST_FILE = YES;
				INFOPLIST_KEY_UIApplicationSceneManifest_Generation = YES;
				INFOPLIST_KEY_UIApplicationSupportsIndirectInputEvents = YES;
				INFOPLIST_KEY_UILaunchScreen_Generation = YES;
				INFOPLIST_KEY_UISupportedInterfaceOrientations_iPad = "UIInterfaceOrientationPortrait UIInterfaceOrientationPortraitUpsideDown UIInterfaceOrientationLandscapeLeft UIInterfaceOrientationLandscapeRight";
				INFOPLIST_KEY_UISupportedInterfaceOrientations_iPhone = "UIInterfaceOrientationPortrait UIInterfaceOrientationLandscapeLeft UIInterfaceOrientationLandscapeRight";
				LD_RUNPATH_SEARCH_PATHS = (
					"$(inherited)",
					"@executable_path/Frameworks",
				);
				MARKETING_VERSION = 1.0;
				PRODUCT_BUNDLE_IDENTIFIER = "in.devsandesh.weather-app";
				PRODUCT_NAME = "$(TARGET_NAME)";
				SWIFT_EMIT_LOC_STRINGS = YES;
				SWIFT_VERSION = 5.0;
				TARGETED_DEVICE_FAMILY = "1,2";
			};
			name = Release;
		};
/* End XCBuildConfiguration section */

/* Begin XCConfigurationList section */
		430B59C729608B480079A2B2 /* Build configuration list for PBXProject "weather-app" */ = {
			isa = XCConfigurationList;
			buildConfigurations = (
				430B59D829608B490079A2B2 /* Debug */,
				430B59D929608B490079A2B2 /* Release */,
			);
			defaultConfigurationIsVisible = 0;
			defaultConfigurationName = Release;
		};
		430B59DA29608B490079A2B2 /* Build configuration list for PBXNativeTarget "weather-app" */ = {
			isa = XCConfigurationList;
			buildConfigurations = (
				430B59DB29608B490079A2B2 /* Debug */,
				430B59DC29608B490079A2B2 /* Release */,
			);
			defaultConfigurationIsVisible = 0;
			defaultConfigurationName = Release;
		};
/* End XCConfigurationList section */
	};
	rootObject = 430B59C429608B480079A2B2 /* Project object */;
}
